
Microsoft Visual Studio Solution File, Format Version 12.00
# Visual Studio Version 17
VisualStudioVersion = 17.6.33829.357
MinimumVisualStudioVersion = 10.0.40219.1
Project("{FAE04EC0-301F-11D3-BF4B-00C04F79EFBC}") = "Register.Backend", "Register.Backend\Register.Backend.csproj", "{0E1AEF29-80DC-4E2E-A046-689F4B50EBEC}"
EndProject
Global
	GlobalSection(SolutionConfigurationPlatforms) = preSolution
		Debug|Any CPU = Debug|Any CPU
		Release|Any CPU = Release|Any CPU
	EndGlobalSection
	GlobalSection(ProjectConfigurationPlatforms) = postSolution
		{0E1AEF29-80DC-4E2E-A046-689F4B50EBEC}.Debug|Any CPU.ActiveCfg = Debug|Any CPU
		{0E1AEF29-80DC-4E2E-A046-689F4B50EBEC}.Debug|Any CPU.Build.0 = Debug|Any CPU
		{0E1AEF29-80DC-4E2E-A046-689F4B50EBEC}.Release|Any CPU.ActiveCfg = Release|Any CPU
		{0E1AEF29-80DC-4E2E-A046-689F4B50EBEC}.Release|Any CPU.Build.0 = Release|Any CPU
	EndGlobalSection
	GlobalSection(SolutionProperties) = preSolution
		HideSolutionNode = FALSE
	EndGlobalSection
	GlobalSection(ExtensibilityGlobals) = postSolution
		SolutionGuid = {B5EFCC3A-3AB7-4086-85B8-C2F6AD798DA4}
	EndGlobalSection
EndGlobal
